
Microsoft Visual Studio Solution File, Format Version 12.00
# Visual Studio Version 17
VisualStudioVersion = 17.2.32519.379
MinimumVisualStudioVersion = 10.0.40219.1
Project("{9A19103F-16F7-4668-BE54-9A1E7A4F7556}") = "LeetCode", "LeetCode\LeetCode.csproj", "{90CF88F8-E021-4A8B-BCD3-A6687B830618}"
EndProject
Project("{2150E333-8FDC-42A3-9474-1A3956D46DE8}") = "Solution Items", "Solution Items", "{9C26F641-5A24-470F-9F4C-EC5E23755706}"
	ProjectSection(SolutionItems) = preProject
		.editorconfig = .editorconfig
	EndProjectSection
EndProject
Project("{FAE04EC0-301F-11D3-BF4B-00C04F79EFBC}") = "LeetCode.Tests", "LeetCode.Tests\LeetCode.Tests.csproj", "{EC8B2088-38F0-4F97-AAE3-B99481A12857}"
EndProject
Global
	GlobalSection(SolutionConfigurationPlatforms) = preSolution
		Debug|Any CPU = Debug|Any CPU
		Release|Any CPU = Release|Any CPU
	EndGlobalSection
	GlobalSection(ProjectConfigurationPlatforms) = postSolution
		{90CF88F8-E021-4A8B-BCD3-A6687B830618}.Debug|Any CPU.ActiveCfg = Debug|Any CPU
		{90CF88F8-E021-4A8B-BCD3-A6687B830618}.Debug|Any CPU.Build.0 = Debug|Any CPU
		{90CF88F8-E021-4A8B-BCD3-A6687B830618}.Release|Any CPU.ActiveCfg = Release|Any CPU
		{90CF88F8-E021-4A8B-BCD3-A6687B830618}.Release|Any CPU.Build.0 = Release|Any CPU
		{EC8B2088-38F0-4F97-AAE3-B99481A12857}.Debug|Any CPU.ActiveCfg = Debug|Any CPU
		{EC8B2088-38F0-4F97-AAE3-B99481A12857}.Debug|Any CPU.Build.0 = Debug|Any CPU
		{EC8B2088-38F0-4F97-AAE3-B99481A12857}.Release|Any CPU.ActiveCfg = Release|Any CPU
		{EC8B2088-38F0-4F97-AAE3-B99481A12857}.Release|Any CPU.Build.0 = Release|Any CPU
	EndGlobalSection
	GlobalSection(SolutionProperties) = preSolution
		HideSolutionNode = FALSE
	EndGlobalSection
	GlobalSection(ExtensibilityGlobals) = postSolution
		SolutionGuid = {B7B7F754-ED67-4D8F-85D1-32B6F4BACC70}
	EndGlobalSection
EndGlobal
